{
  "name": "template-instantiation",
  "version": "0.0.1",
  "lockfileVersion": 1,
  "requires": true,
  "dependencies": {
    "@0xcda7a/test-runner": {
      "version": "0.0.4",
      "resolved": "https://registry.npmjs.org/@0xcda7a/test-runner/-/test-runner-0.0.4.tgz",
      "integrity": "sha512-LG9pJvWJ9F13yGzRwAFMdFQ9eYCBASxRSiaE+2AqsiMogSej4IwksqAsmjtpa1w62JMgxeq69INe3DHtlq8QUg==",
      "dev": true
    },
    "@types/chai": {
      "version": "4.0.10",
      "resolved": "https://registry.npmjs.org/@types/chai/-/chai-4.0.10.tgz",
      "integrity": "sha512-Ejh1AXTY8lm+x91X/yar3G2z4x9RyKwdTVdyyu7Xj3dNB35fMNCnEWqTO9FgS3zjzlRNqk1MruYhgb8yhRN9rA==",
      "dev": true
    },
    "assertion-error": {
      "version": "1.0.2",
      "resolved": "https://registry.npmjs.org/assertion-error/-/assertion-error-1.0.2.tgz",
      "integrity": "sha1-E8pRXYYgbaC6xm6DTdOX2HWBCUw=",
      "dev": true
    },
    "chai": {
      "version": "4.1.2",
      "resolved": "https://registry.npmjs.org/chai/-/chai-4.1.2.tgz",
      "integrity": "sha1-D2RYS6ZC8PKs4oBiefTwbKI61zw=",
      "dev": true,
      "requires": {
        "assertion-error": "1.0.2",
        "check-error": "1.0.2",
        "deep-eql": "3.0.1",
        "get-func-name": "2.0.0",
        "pathval": "1.1.0",
        "type-detect": "4.0.5"
      }
    },
    "check-error": {
      "version": "1.0.2",
      "resolved": "https://registry.npmjs.org/check-error/-/check-error-1.0.2.tgz",
      "integrity": "sha1-V00xLt2Iu13YkS6Sht1sCu1KrII=",
      "dev": true
    },
    "deep-eql": {
      "version": "3.0.1",
      "resolved": "https://registry.npmjs.org/deep-eql/-/deep-eql-3.0.1.tgz",
      "integrity": "sha512-+QeIQyN5ZuO+3Uk5DYh6/1eKO0m0YmJFGNmFHGACpf1ClL1nmlV/p4gNgbl2pJGxgXb4faqo6UE+M5ACEMyVcw==",
      "dev": true,
      "requires": {
        "type-detect": "4.0.5"
      }
    },
    "get-func-name": {
      "version": "2.0.0",
      "resolved": "https://registry.npmjs.org/get-func-name/-/get-func-name-2.0.0.tgz",
      "integrity": "sha1-6td0q+5y4gQJQzoGY2YCPdaIekE=",
      "dev": true
    },
    "pathval": {
      "version": "1.1.0",
      "resolved": "https://registry.npmjs.org/pathval/-/pathval-1.1.0.tgz",
      "integrity": "sha1-uULm1L3mUwBe9rcTYd74cn0GReA=",
      "dev": true
    },
    "type-detect": {
      "version": "4.0.5",
      "resolved": "https://registry.npmjs.org/type-detect/-/type-detect-4.0.5.tgz",
      "integrity": "sha512-N9IvkQslUGYGC24RkJk1ba99foK6TkwC2FHAEBlQFBP0RxQZS8ZpJuAZcwiY/w9ZJHFQb1aOXBI60OdxhTrwEQ==",
      "dev": true
    },
    "typescript": {
      "version": "2.6.2",
      "resolved": "https://registry.npmjs.org/typescript/-/typescript-2.6.2.tgz",
      "integrity": "sha1-PFtv1/beCRQmkCfwPAlGdY92c6Q=",
      "dev": true
    }
  }
}
